# THIS IS AN AUTOGENERATED FILE. DO NOT EDIT THIS FILE DIRECTLY.
# yarn lockfile v1


"@tsmean/cookies@^1.0.0":
  version "1.0.0"
  resolved "https://registry.yarnpkg.com/@tsmean/cookies/-/cookies-1.0.0.tgz#1386a143e82b8db52d45e383e4c0f2fbd2d74670"

"@tsmean/resource@^2.0.1":
  version "2.0.1"
  resolved "https://registry.yarnpkg.com/@tsmean/resource/-/resource-2.0.1.tgz#b7e847e6173645977a270e97c361fece8e816efe"
  dependencies:
    "@tsmean/utils" "^1.1.0"

"@tsmean/utils@^1.1.0", "@tsmean/utils@^1.1.1":
  version "1.1.1"
  resolved "https://registry.yarnpkg.com/@tsmean/utils/-/utils-1.1.1.tgz#8ebb47d493ee583ab68c13139d0648db855d6976"
